{
    "name": "errorplot",
    "version": "0.0.1",
    "lockfileVersion": 1,
    "requires": true,
    "dependencies": {
        "minimist": {
            "version": "0.0.8",
            "resolved": "http://registry.npmjs.org/minimist/-/minimist-0.0.8.tgz",
            "integrity": "sha1-hX/Kv8M5fSYluCKCYuhqp6ARsF0="
        },
        "mkdirp": {
            "version": "0.5.1",
            "resolved": "http://registry.npmjs.org/mkdirp/-/mkdirp-0.5.1.tgz",
            "integrity": "sha512-SknJC52obPfGQPnjIkXbmA6+5H15E+fR+E4iR2oQ3zzCLbd7/ONua69R/Gw7AgkTLsRG+r5fzksYwWe1AgTyWA==",
            "requires": {
                "minimist": "0.0.8"
            }
        },
        "plotly": {
            "version": "1.0.6",
            "resolved": "https://registry.npmjs.org/plotly/-/plotly-1.0.6.tgz",
            "integrity": "sha1-smcsPfiDM2Jb32hJgtDj9lIdeqo=",
            "requires": {
                "mkdirp": "0.5.1"
            }
        }
    }
}
